
Microsoft Visual Studio Solution File, Format Version 12.00
# Visual Studio Version 17
VisualStudioVersion = 17.11.35312.102
MinimumVisualStudioVersion = 10.0.40219.1
Project("{FAE04EC0-301F-11D3-BF4B-00C04F79EFBC}") = "lab10.1", "lab10.1.csproj", "{247F5138-7F11-4FE0-9835-D87085F34E92}"
EndProject
Project("{9A19103F-16F7-4668-BE54-9A1E7A4F7556}") = "Geometryclass", "..\Ceometryclass\Geometryclass.csproj", "{F411E1FF-4D02-42EB-9D9C-2D03926DFB81}"
EndProject
Project("{9A19103F-16F7-4668-BE54-9A1E7A4F7556}") = "ClassLibraryCarr", "..\ClassLibraryCarr\ClassLibraryCarr.csproj", "{FCAC5D30-090D-48F3-B645-2D128342D7E5}"
EndProject
Project("{9A19103F-16F7-4668-BE54-9A1E7A4F7556}") = "TestGeometry", "..\TestGeometry\TestGeometry.csproj", "{88BB7602-DC9F-4A3F-A928-A06E4D502276}"
EndProject
Global
	GlobalSection(SolutionConfigurationPlatforms) = preSolution
		Debug|Any CPU = Debug|Any CPU
		Release|Any CPU = Release|Any CPU
	EndGlobalSection
	GlobalSection(ProjectConfigurationPlatforms) = postSolution
		{247F5138-7F11-4FE0-9835-D87085F34E92}.Debug|Any CPU.ActiveCfg = Debug|Any CPU
		{247F5138-7F11-4FE0-9835-D87085F34E92}.Debug|Any CPU.Build.0 = Debug|Any CPU
		{247F5138-7F11-4FE0-9835-D87085F34E92}.Release|Any CPU.ActiveCfg = Release|Any CPU
		{247F5138-7F11-4FE0-9835-D87085F34E92}.Release|Any CPU.Build.0 = Release|Any CPU
		{F411E1FF-4D02-42EB-9D9C-2D03926DFB81}.Debug|Any CPU.ActiveCfg = Debug|Any CPU
		{F411E1FF-4D02-42EB-9D9C-2D03926DFB81}.Debug|Any CPU.Build.0 = Debug|Any CPU
		{F411E1FF-4D02-42EB-9D9C-2D03926DFB81}.Release|Any CPU.ActiveCfg = Release|Any CPU
		{F411E1FF-4D02-42EB-9D9C-2D03926DFB81}.Release|Any CPU.Build.0 = Release|Any CPU
		{FCAC5D30-090D-48F3-B645-2D128342D7E5}.Debug|Any CPU.ActiveCfg = Debug|Any CPU
		{FCAC5D30-090D-48F3-B645-2D128342D7E5}.Debug|Any CPU.Build.0 = Debug|Any CPU
		{FCAC5D30-090D-48F3-B645-2D128342D7E5}.Release|Any CPU.ActiveCfg = Release|Any CPU
		{FCAC5D30-090D-48F3-B645-2D128342D7E5}.Release|Any CPU.Build.0 = Release|Any CPU
		{88BB7602-DC9F-4A3F-A928-A06E4D502276}.Debug|Any CPU.ActiveCfg = Debug|Any CPU
		{88BB7602-DC9F-4A3F-A928-A06E4D502276}.Debug|Any CPU.Build.0 = Debug|Any CPU
		{88BB7602-DC9F-4A3F-A928-A06E4D502276}.Release|Any CPU.ActiveCfg = Release|Any CPU
		{88BB7602-DC9F-4A3F-A928-A06E4D502276}.Release|Any CPU.Build.0 = Release|Any CPU
	EndGlobalSection
	GlobalSection(SolutionProperties) = preSolution
		HideSolutionNode = FALSE
	EndGlobalSection
	GlobalSection(ExtensibilityGlobals) = postSolution
		SolutionGuid = {3AA5F5C9-28FD-44A3-B2CF-82180673EFD4}
	EndGlobalSection
EndGlobal
